
Microsoft Visual Studio Solution File, Format Version 12.00
# Visual Studio 15
VisualStudioVersion = 15.0.28307.572
MinimumVisualStudioVersion = 10.0.40219.1
Project("{FAE04EC0-301F-11D3-BF4B-00C04F79EFBC}") = "Automation", "Automation\Automation.csproj", "{96377995-53B2-4E4D-A681-B446D16972A5}"
EndProject
Project("{FAE04EC0-301F-11D3-BF4B-00C04F79EFBC}") = "AutoSMS", "AutoSMS\AutoSMS.csproj", "{DEAA9017-93AE-4395-ACC9-13EEBF07CFAB}"
EndProject
Project("{FAE04EC0-301F-11D3-BF4B-00C04F79EFBC}") = "ShortUrl", "ShortUrl\ShortUrl.csproj", "{A3ACBADF-A15C-4427-B9C6-254EADCE143E}"
EndProject
Project("{FAE04EC0-301F-11D3-BF4B-00C04F79EFBC}") = "Auto_BL", "Auto_BL\Auto_BL.csproj", "{D5D29BF4-D32F-4DCC-9E34-4E0176D4CC99}"
EndProject
Project("{FAE04EC0-301F-11D3-BF4B-00C04F79EFBC}") = "LC.Survey", "LC.Survey\LC.Survey.csproj", "{F3E112AC-1067-4BAA-80CE-53ECB45BB8C7}"
EndProject
Global
	GlobalSection(SolutionConfigurationPlatforms) = preSolution
		Debug|Any CPU = Debug|Any CPU
		Release|Any CPU = Release|Any CPU
	EndGlobalSection
	GlobalSection(ProjectConfigurationPlatforms) = postSolution
		{96377995-53B2-4E4D-A681-B446D16972A5}.Debug|Any CPU.ActiveCfg = Debug|Any CPU
		{96377995-53B2-4E4D-A681-B446D16972A5}.Debug|Any CPU.Build.0 = Debug|Any CPU
		{96377995-53B2-4E4D-A681-B446D16972A5}.Release|Any CPU.ActiveCfg = Release|Any CPU
		{96377995-53B2-4E4D-A681-B446D16972A5}.Release|Any CPU.Build.0 = Release|Any CPU
		{DEAA9017-93AE-4395-ACC9-13EEBF07CFAB}.Debug|Any CPU.ActiveCfg = Debug|Any CPU
		{DEAA9017-93AE-4395-ACC9-13EEBF07CFAB}.Debug|Any CPU.Build.0 = Debug|Any CPU
		{DEAA9017-93AE-4395-ACC9-13EEBF07CFAB}.Release|Any CPU.ActiveCfg = Release|Any CPU
		{DEAA9017-93AE-4395-ACC9-13EEBF07CFAB}.Release|Any CPU.Build.0 = Release|Any CPU
		{A3ACBADF-A15C-4427-B9C6-254EADCE143E}.Debug|Any CPU.ActiveCfg = Debug|Any CPU
		{A3ACBADF-A15C-4427-B9C6-254EADCE143E}.Debug|Any CPU.Build.0 = Debug|Any CPU
		{A3ACBADF-A15C-4427-B9C6-254EADCE143E}.Release|Any CPU.ActiveCfg = Release|Any CPU
		{A3ACBADF-A15C-4427-B9C6-254EADCE143E}.Release|Any CPU.Build.0 = Release|Any CPU
		{D5D29BF4-D32F-4DCC-9E34-4E0176D4CC99}.Debug|Any CPU.ActiveCfg = Debug|Any CPU
		{D5D29BF4-D32F-4DCC-9E34-4E0176D4CC99}.Debug|Any CPU.Build.0 = Debug|Any CPU
		{D5D29BF4-D32F-4DCC-9E34-4E0176D4CC99}.Release|Any CPU.ActiveCfg = Release|Any CPU
		{D5D29BF4-D32F-4DCC-9E34-4E0176D4CC99}.Release|Any CPU.Build.0 = Release|Any CPU
		{F3E112AC-1067-4BAA-80CE-53ECB45BB8C7}.Debug|Any CPU.ActiveCfg = Debug|Any CPU
		{F3E112AC-1067-4BAA-80CE-53ECB45BB8C7}.Debug|Any CPU.Build.0 = Debug|Any CPU
		{F3E112AC-1067-4BAA-80CE-53ECB45BB8C7}.Release|Any CPU.ActiveCfg = Release|Any CPU
		{F3E112AC-1067-4BAA-80CE-53ECB45BB8C7}.Release|Any CPU.Build.0 = Release|Any CPU
	EndGlobalSection
	GlobalSection(SolutionProperties) = preSolution
		HideSolutionNode = FALSE
	EndGlobalSection
	GlobalSection(ExtensibilityGlobals) = postSolution
		VisualSVNWorkingCopyRoot = .
		SolutionGuid = {766A65B2-D620-48E8-B817-0612D1AEA802}
	EndGlobalSection
EndGlobal
